384977
/home/max/.jdks/jbr-21.0.9/bin/java -XX:TieredStopAtLevel=1 -Dspring.output.ansi.enabled=always -Dcom.sun.management.jmxremote -Dspring.jmx.enabled=true -Dspring.liveBeansView.mbeanDomain -Dspring.application.admin.enabled=true -Dmanagement.endpoints.jmx.exposure.include=* -javaagent:/opt/intellij-idea-ultimate-edition/lib/idea_rt.jar=45679 -Dfile.encoding=UTF-8 -Dsun.stdout.encoding=UTF-8 -Dsun.stderr.encoding=UTF-8 -classpath /home/max/Test-Kotlin-Vaadin/build/classes/kotlin/main:/home/max/Test-Kotlin-Vaadin/build/resources/main:/home/max/.gradle/caches/modules-2/files-2.1/org.jetbrains.kotlin/kotlin-reflect/2.3.20/3a78af768b3747778b9db000088ea1cbfb996942/kotlin-reflect-2.3.20.jar:/home/max/.gradle/caches/modules-2/files-2.1/com.github.mvysny.karibudsl/karibu-dsl/2.1.1/2cc9e8966a82cf2a0ca531845274e2eb4cf81343/karibu-dsl-2.1.1.jar:/home/max/.gradle/caches/modules-2/files-2.1/org.jetbrains.kotlin/kotlin-stdlib/2.3.20/ed866de74ad3d49086a27bbd75952cd186479436/kotlin-stdlib-2.3.20.jar:/home/max/.gradle/caches/modules-2/files-2.1/org.springframework.boot/spring-boot-starter-data-jpa/4.0.5/a3c0f0ce8718685f41558b30cc0e18fa0aec6ed0/spring-boot-starter-data-jpa-4.0.5.jar:/home/max/.gradle/caches/modules-2/files-2.1/org.springframework.boot/spring-boot-starter-security/4.0.5/a3163aaeeb98a33e60f66d677b9751026ce1799b/spring-boot-starter-security-4.0.5.jar:/home/max/.gradle/caches/modules-2/files-2.1/com.vaadin/vaadin-spring-boot-starter/25.1.5/262b1260fa3bd5a1a24ad44479c514f1ff67f540/vaadin-spring-boot-starter-25.1.5.jar:/home/max/.gradle/caches/modules-2/files-2.1/com.github.mvysny.karibu-tools/karibu-tools/0.18/3e347b507b6c393c145125382369d7f3c3a5317/karibu-tools-0.18.jar:/home/max/.gradle/caches/modules-2/files-2.1/org.jetbrains.kotlin/kotlin-stdlib-jdk8/2.3.20/eef46364575646ca33c3752cde39bb978cfa8f8c/kotlin-stdlib-jdk8-2.3.20.jar:/home/max/.gradle/caches/modules-2/files-2.1/org.jetbrains/annotations/23.1.0/d095a317cafe983999c7c8ad14da1a503288b55e/annotations-23.1.0.jar:/home/max/.gradle/caches/modules-2/files-2.1/org.hibernate.validator/hibernate-validator/9.0.1.Final/28c0e41ecc84d1f0b8b6d81d16e0784e63364e68/hibernate-validator-9.0.1.Final.jar:/home/max/.gradle/caches/modules-2/files-2.1/org.springframework.boot/spring-boot-starter-jdbc/4.0.5/2ca3dfd8e504d7fec3c477a0ed44231e37d531a4/spring-boot-starter-jdbc-4.0.5.jar:/home/max/.gradle/caches/modules-2/files-2.1/org.springframework.boot/spring-boot-starter/4.0.5/2767611655cf4a17306c3331f95b6f90db83ee06/spring-boot-starter-4.0.5.jar:/home/max/.gradle/caches/modules-2/files-2.1/org.springframework.boot/spring-boot-data-jpa/4.0.5/63ccca96fabdd60b682f54be7127723b6cdbf04a/spring-boot-data-jpa-4.0.5.jar:/home/max/.gradle/caches/modules-2/files-2.1/org.springframework.boot/spring-boot-jdbc/4.0.5/91b50419766f999c4a7c155d74955a67ad00237d/spring-boot-jdbc-4.0.5.jar:/home/max/.gradle/caches/modules-2/files-2.1/org.springframework.boot/spring-boot-security/4.0.5/d6be8e81058a228763618be19219fb703e96eaf8/spring-boot-security-4.0.5.jar:/home/max/.gradle/caches/modules-2/files-2.1/org.springframework/spring-aop/7.0.6/1b8358db4326013f8cfcbf22061aa076489dfbbe/spring-aop-7.0.6.jar:/home/max/.gradle/caches/modules-2/files-2.1/com.vaadin/vaadin-spring/25.1.5/8d29d885fed61a512eb085031eea8a38914e3726/vaadin-spring-25.1.5.jar:/home/max/.gradle/caches/modules-2/files-2.1/org.springframework.boot/spring-boot-starter-webmvc/4.0.5/3bb411e29fbfb48fa378eb7ca6d11dedc6a8b3e8/spring-boot-starter-webmvc-4.0.5.jar:/home/max/.gradle/caches/modules-2/files-2.1/com.vaadin/vaadin-core/25.1.5/be3db388d539230a33230ce091ebc9054f03e15e/vaadin-core-25.1.5.jar:/home/max/.gradle/caches/modules-2/files-2.1/org.jetbrains.kotlin/kotlin-stdlib-jdk7/2.3.20/f5fe4f2d46bef1b8488643ef5ea010f3a36adb17/kotlin-stdlib-jdk7-2.3.20.jar:/home/max/.gradle/caches/modules-2/files-2.1/jakarta.validation/jakarta.validation-api/3.1.1/ec8622148afc5564235d17af80ea80288d0e7f92/jakarta.validation-api-3.1.1.jar:/home/max/.gradle/caches/modules-2/files-2.1/org.jboss.logging/jboss-logging/3.6.3.Final/1cc9f976725720bb4a66f80af3e3aa6b9890d969/jboss-loggi
